<Solution>
  <Project Path="ApiGateway/ApiGateway.csproj" Id="a21c579b-ad72-410e-a7c5-37143bfabfb2" />
  <Project Path="CryptService/CryptService.csproj" Id="d48786c6-6d43-43b9-8534-fa17a61c6ecc" />
  <Project Path="OrderingAPI.Shared/OrderingAPI.Shared.csproj" Id="d5150412-0bc2-47ef-97d9-470e1f293433" />
  <Project Path="OrderService/OrderService.csproj" Id="72f7781f-2d57-4dcd-9bd4-8412cabcf374" />
  <Project Path="ProductService/ProductService.csproj" Id="cca681e3-439b-44e0-ba1e-2f1c4920fd55" />
  <Project Path="UserService/UserService.csproj" Id="602f24a0-cc20-4f1c-81ba-456a92883a55" />
</Solution>
